
Microsoft Visual Studio Solution File, Format Version 11.00
# Visual Studio 2010
Project("{FAE04EC0-301F-11D3-BF4B-00C04F79EFBC}") = "Helios.Web", "Helios.Web\Helios.Web.csproj", "{BB0D052F-528E-467F-8BA3-B7F88976DB84}"
EndProject
Project("{FAE04EC0-301F-11D3-BF4B-00C04F79EFBC}") = "Helios.Web.Tests", "Helios.Web.Tests\Helios.Web.Tests.csproj", "{1D998459-C7CA-4E6A-A5EA-17BCA896EAA8}"
EndProject
Project("{FAE04EC0-301F-11D3-BF4B-00C04F79EFBC}") = "Helios.WaferMarker", "Helios.WaferMarker\Helios.WaferMarker.csproj", "{70E48A55-3878-4C83-BA30-636669EADBB4}"
EndProject
Global
	GlobalSection(SolutionConfigurationPlatforms) = preSolution
		Debug|Any CPU = Debug|Any CPU
		Release|Any CPU = Release|Any CPU
	EndGlobalSection
	GlobalSection(ProjectConfigurationPlatforms) = postSolution
		{BB0D052F-528E-467F-8BA3-B7F88976DB84}.Debug|Any CPU.ActiveCfg = Debug|Any CPU
		{BB0D052F-528E-467F-8BA3-B7F88976DB84}.Debug|Any CPU.Build.0 = Debug|Any CPU
		{BB0D052F-528E-467F-8BA3-B7F88976DB84}.Release|Any CPU.ActiveCfg = Release|Any CPU
		{BB0D052F-528E-467F-8BA3-B7F88976DB84}.Release|Any CPU.Build.0 = Release|Any CPU
		{1D998459-C7CA-4E6A-A5EA-17BCA896EAA8}.Debug|Any CPU.ActiveCfg = Debug|Any CPU
		{1D998459-C7CA-4E6A-A5EA-17BCA896EAA8}.Debug|Any CPU.Build.0 = Debug|Any CPU
		{1D998459-C7CA-4E6A-A5EA-17BCA896EAA8}.Release|Any CPU.ActiveCfg = Release|Any CPU
		{1D998459-C7CA-4E6A-A5EA-17BCA896EAA8}.Release|Any CPU.Build.0 = Release|Any CPU
		{70E48A55-3878-4C83-BA30-636669EADBB4}.Debug|Any CPU.ActiveCfg = Debug|Any CPU
		{70E48A55-3878-4C83-BA30-636669EADBB4}.Debug|Any CPU.Build.0 = Debug|Any CPU
		{70E48A55-3878-4C83-BA30-636669EADBB4}.Release|Any CPU.ActiveCfg = Release|Any CPU
		{70E48A55-3878-4C83-BA30-636669EADBB4}.Release|Any CPU.Build.0 = Release|Any CPU
	EndGlobalSection
	GlobalSection(SolutionProperties) = preSolution
		HideSolutionNode = FALSE
	EndGlobalSection
EndGlobal
